
Microsoft Visual Studio Solution File, Format Version 12.00
# Visual Studio Version 16
VisualStudioVersion = 16.0.32106.194
MinimumVisualStudioVersion = 10.0.40219.1
Project("{FAE04EC0-301F-11D3-BF4B-00C04F79EFBC}") = "UnPDF", "UnPDF.csproj", "{2DB74336-9388-4A22-8C4D-F0996E69DF6F}"
EndProject
Global
	GlobalSection(SolutionConfigurationPlatforms) = preSolution
		Debug|Any CPU = Debug|Any CPU
		Release|Any CPU = Release|Any CPU
	EndGlobalSection
	GlobalSection(ProjectConfigurationPlatforms) = postSolution
		{2DB74336-9388-4A22-8C4D-F0996E69DF6F}.Debug|Any CPU.ActiveCfg = Debug|Any CPU
		{2DB74336-9388-4A22-8C4D-F0996E69DF6F}.Debug|Any CPU.Build.0 = Debug|Any CPU
		{2DB74336-9388-4A22-8C4D-F0996E69DF6F}.Release|Any CPU.ActiveCfg = Release|Any CPU
		{2DB74336-9388-4A22-8C4D-F0996E69DF6F}.Release|Any CPU.Build.0 = Release|Any CPU
	EndGlobalSection
	GlobalSection(SolutionProperties) = preSolution
		HideSolutionNode = FALSE
	EndGlobalSection
	GlobalSection(ExtensibilityGlobals) = postSolution
		SolutionGuid = {41E11904-A1B5-4C36-A6D5-A38A70D511E8}
	EndGlobalSection
EndGlobal